
Microsoft Visual Studio Solution File, Format Version 12.00
# Visual Studio 15
VisualStudioVersion = 15.0.27703.2035
MinimumVisualStudioVersion = 10.0.40219.1
Project("{2150E333-8FDC-42A3-9474-1A3956D46DE8}") = "Tests", "Tests", "{375A2721-FF41-48E9-B1BB-79B90493F46B}"
EndProject
Project("{D954291E-2A0B-460D-934E-DC6B0785DB48}") = "NLogTools.Test", "Tests\NLogTools.Test\NLogTools.Test.shproj", "{8ECD6861-42B4-447D-9EC9-412A22AB0F3E}"
EndProject
Project("{9A19103F-16F7-4668-BE54-9A1E7A4F7556}") = "NLogTools.NETCore.Test", "Tests\NLogTools.NETCore.Test\NLogTools.NETCore.Test.csproj", "{7037F3A0-259D-4434-AC26-7CCED2016EE1}"
EndProject
Project("{FAE04EC0-301F-11D3-BF4B-00C04F79EFBC}") = "NLogTools.NETFramework.Test", "Tests\NLogTools.NETFramework.Test\NLogTools.NETFramework.Test.csproj", "{27CC69A4-C721-48D7-B2DF-21A02F9C7B4C}"
EndProject
Project("{9A19103F-16F7-4668-BE54-9A1E7A4F7556}") = "NLogTools", "NLogTools\NLogTools.csproj", "{B6A20990-2365-4D8C-AEF5-4E2B6CCFEF5E}"
EndProject
Project("{2150E333-8FDC-42A3-9474-1A3956D46DE8}") = "Solution Items", "Solution Items", "{8C1FF38C-499A-416A-A320-6658B346D7E6}"
	ProjectSection(SolutionItems) = preProject
		nugetall.ps1 = nugetall.ps1
	EndProjectSection
EndProject
Global
	GlobalSection(SharedMSBuildProjectFiles) = preSolution
		Tests\NLogTools.Test\NLogTools.Test.projitems*{27cc69a4-c721-48d7-b2df-21a02f9c7b4c}*SharedItemsImports = 4
		Tests\NLogTools.Test\NLogTools.Test.projitems*{8ecd6861-42b4-447d-9ec9-412a22ab0f3e}*SharedItemsImports = 13
	EndGlobalSection
	GlobalSection(SolutionConfigurationPlatforms) = preSolution
		Debug|Any CPU = Debug|Any CPU
		Release|Any CPU = Release|Any CPU
	EndGlobalSection
	GlobalSection(ProjectConfigurationPlatforms) = postSolution
		{7037F3A0-259D-4434-AC26-7CCED2016EE1}.Debug|Any CPU.ActiveCfg = Debug|Any CPU
		{7037F3A0-259D-4434-AC26-7CCED2016EE1}.Debug|Any CPU.Build.0 = Debug|Any CPU
		{7037F3A0-259D-4434-AC26-7CCED2016EE1}.Release|Any CPU.ActiveCfg = Release|Any CPU
		{7037F3A0-259D-4434-AC26-7CCED2016EE1}.Release|Any CPU.Build.0 = Release|Any CPU
		{27CC69A4-C721-48D7-B2DF-21A02F9C7B4C}.Debug|Any CPU.ActiveCfg = Debug|Any CPU
		{27CC69A4-C721-48D7-B2DF-21A02F9C7B4C}.Debug|Any CPU.Build.0 = Debug|Any CPU
		{27CC69A4-C721-48D7-B2DF-21A02F9C7B4C}.Release|Any CPU.ActiveCfg = Release|Any CPU
		{27CC69A4-C721-48D7-B2DF-21A02F9C7B4C}.Release|Any CPU.Build.0 = Release|Any CPU
		{B6A20990-2365-4D8C-AEF5-4E2B6CCFEF5E}.Debug|Any CPU.ActiveCfg = Debug|Any CPU
		{B6A20990-2365-4D8C-AEF5-4E2B6CCFEF5E}.Debug|Any CPU.Build.0 = Debug|Any CPU
		{B6A20990-2365-4D8C-AEF5-4E2B6CCFEF5E}.Release|Any CPU.ActiveCfg = Release|Any CPU
		{B6A20990-2365-4D8C-AEF5-4E2B6CCFEF5E}.Release|Any CPU.Build.0 = Release|Any CPU
	EndGlobalSection
	GlobalSection(SolutionProperties) = preSolution
		HideSolutionNode = FALSE
	EndGlobalSection
	GlobalSection(NestedProjects) = preSolution
		{8ECD6861-42B4-447D-9EC9-412A22AB0F3E} = {375A2721-FF41-48E9-B1BB-79B90493F46B}
		{7037F3A0-259D-4434-AC26-7CCED2016EE1} = {375A2721-FF41-48E9-B1BB-79B90493F46B}
		{27CC69A4-C721-48D7-B2DF-21A02F9C7B4C} = {375A2721-FF41-48E9-B1BB-79B90493F46B}
	EndGlobalSection
	GlobalSection(ExtensibilityGlobals) = postSolution
		SolutionGuid = {0C454915-9600-4AAF-951E-2D67A5830E20}
	EndGlobalSection
EndGlobal
